
Microsoft Visual Studio Solution File, Format Version 12.00
# Visual Studio Version 17
VisualStudioVersion = 17.8.34316.72
MinimumVisualStudioVersion = 10.0.40219.1
Project("{FAE04EC0-301F-11D3-BF4B-00C04F79EFBC}") = "Trade Test", "Trade Test\Trade Test.csproj", "{F1B44969-26F4-400F-9889-84AA06BF8D45}"
EndProject
Global
	GlobalSection(SolutionConfigurationPlatforms) = preSolution
		Debug|Any CPU = Debug|Any CPU
		Release|Any CPU = Release|Any CPU
	EndGlobalSection
	GlobalSection(ProjectConfigurationPlatforms) = postSolution
		{F1B44969-26F4-400F-9889-84AA06BF8D45}.Debug|Any CPU.ActiveCfg = Debug|Any CPU
		{F1B44969-26F4-400F-9889-84AA06BF8D45}.Debug|Any CPU.Build.0 = Debug|Any CPU
		{F1B44969-26F4-400F-9889-84AA06BF8D45}.Release|Any CPU.ActiveCfg = Release|Any CPU
		{F1B44969-26F4-400F-9889-84AA06BF8D45}.Release|Any CPU.Build.0 = Release|Any CPU
	EndGlobalSection
	GlobalSection(SolutionProperties) = preSolution
		HideSolutionNode = FALSE
	EndGlobalSection
	GlobalSection(ExtensibilityGlobals) = postSolution
		SolutionGuid = {23AE6CAC-AF02-4A6D-A869-B43C9A0D5EBA}
	EndGlobalSection
EndGlobal
